// !$*UTF8*$!
{
	archiveVersion = 1;
	classes = {
	};
	objectVersion = 46;
	objects = {

/* Begin PBXBuildFile section */
		5ECC050E1B40B9AB005A2EB4 /* AppDelegate.swift in Sources */ = {isa = PBXBuildFile; fileRef = 5ECC050D1B40B9AB005A2EB4 /* AppDelegate.swift */; };
		5ECC05101B40B9AB005A2EB4 /* ViewController.swift in Sources */ = {isa = PBXBuildFile; fileRef = 5ECC050F1B40B9AB005A2EB4 /* ViewController.swift */; };
		5ECC05131B40B9AB005A2EB4 /* Main.storyboard in Resources */ = {isa = PBXBuildFile; fileRef = 5ECC05111B40B9AB005A2EB4 /* Main.storyboard */; };
		5ECC05151B40B9AB005A2EB4 /* Assets.xcassets in Resources */ = {isa = PBXBuildFile; fileRef = 5ECC05141B40B9AB005A2EB4 /* Assets.xcassets */; };
		5ECC05181B40B9AB005A2EB4 /* LaunchScreen.storyboard in Resources */ = {isa = PBXBuildFile; fileRef = 5ECC05161B40B9AB005A2EB4 /* LaunchScreen.storyboard */; };
		5ECC05231B40B9AB005A2EB4 /* calculatorTests.swift in Sources */ = {isa = PBXBuildFile; fileRef = 5ECC05221B40B9AB005A2EB4 /* calculatorTests.swift */; };
		5ECC052E1B40B9AB005A2EB4 /* calculatorUITests.swift in Sources */ = {isa = PBXBuildFile; fileRef = 5ECC052D1B40B9AB005A2EB4 /* calculatorUITests.swift */; };
/* End PBXBuildFile section */

/* Begin PBXContainerItemProxy section */
		5ECC051F1B40B9AB005A2EB4 /* PBXContainerItemProxy */ = {
			isa = PBXContainerItemProxy;
			containerPortal = 5ECC05021B40B9AA005A2EB4 /* Project object */;
			proxyType = 1;
			remoteGlobalIDString = 5ECC05091B40B9AB005A2EB4;
			remoteInfo = calculator;
		};
		5ECC052A1B40B9AB005A2EB4 /* PBXContainerItemProxy */ = {
			isa = PBXContainerItemProxy;
			containerPortal = 5ECC05021B40B9AA005A2EB4 /* Project object */;
			proxyType = 1;
			remoteGlobalIDString = 5ECC05091B40B9AB005A2EB4;
			remoteInfo = calculator;
		};
/* End PBXContainerItemProxy section */

/* Begin PBXFileReference section */
		5ECC050A1B40B9AB005A2EB4 /* calculator.app */ = {isa = PBXFileReference; explicitFileType = wrapper.application; includeInIndex = 0; path = calculator.app; sourceTree = BUILT_PRODUCTS_DIR; };
		5ECC050D1B40B9AB005A2EB4 /* AppDelegate.swift */ = {isa = PBXFileReference; lastKnownFileType = sourcecode.swift; path = AppDelegate.swift; sourceTree = "<group>"; };
		5ECC050F1B40B9AB005A2EB4 /* ViewController.swift */ = {isa = PBXFileReference; lastKnownFileType = sourcecode.swift; path = ViewController.swift; sourceTree = "<group>"; };
		5ECC05121B40B9AB005A2EB4 /* Base */ = {isa = PBXFileReference; lastKnownFileType = file.storyboard; name = Base; path = Base.lproj/Main.storyboard; sourceTree = "<group>"; };
		5ECC05141B40B9AB005A2EB4 /* Assets.xcassets */ = {isa = PBXFileReference; lastKnownFileType = folder.assetcatalog; path = Assets.xcassets; sourceTree = "<group>"; };
		5ECC05171B40B9AB005A2EB4 /* Base */ = {isa = PBXFileReference; lastKnownFileType = file.storyboard; name = Base; path = Base.lproj/LaunchScreen.storyboard; sourceTree = "<group>"; };
		5ECC05191B40B9AB005A2EB4 /* Info.plist */ = {isa = PBXFileReference; lastKnownFileType = text.plist.xml; path = Info.plist; sourceTree = "<group>"; };
		5ECC051E1B40B9AB005A2EB4 /* calculatorTests.xctest */ = {isa = PBXFileReference; explicitFileType = wrapper.cfbundle; includeInIndex = 0; path = calculatorTests.xctest; sourceTree = BUILT_PRODUCTS_DIR; };
		5ECC05221B40B9AB005A2EB4 /* calculatorTests.swift */ = {isa = PBXFileReference; lastKnownFileType = sourcecode.swift; path = calculatorTests.swift; sourceTree = "<group>"; };
		5ECC05241B40B9AB005A2EB4 /* Info.plist */ = {isa = PBXFileReference; lastKnownFileType = text.plist.xml; path = Info.plist; sourceTree = "<group>"; };
		5ECC05291B40B9AB005A2EB4 /* calculatorUITests.xctest */ = {isa = PBXFileReference; explicitFileType = wrapper.cfbundle; includeInIndex = 0; path = calculatorUITests.xctest; sourceTree = BUILT_PRODUCTS_DIR; };
		5ECC052D1B40B9AB005A2EB4 /* calculatorUITests.swift */ = {isa = PBXFileReference; lastKnownFileType = sourcecode.swift; path = calculatorUITests.swift; sourceTree = "<group>"; };
		5ECC052F1B40B9AB005A2EB4 /* Info.plist */ = {isa = PBXFileReference; lastKnownFileType = text.plist.xml; path = Info.plist; sourceTree = "<group>"; };
/* End PBXFileReference section */

/* Begin PBXFrameworksBuildPhase section */
		5ECC05071B40B9AB005A2EB4 /* Frameworks */ = {
			isa = PBXFrameworksBuildPhase;
			buildActionMask = 2147483647;
			files = (
			);
			runOnlyForDeploymentPostprocessing = 0;
		};
		5ECC051B1B40B9AB005A2EB4 /* Frameworks */ = {
			isa = PBXFrameworksBuildPhase;
			buildActionMask = 2147483647;
			files = (
			);
			runOnlyForDeploymentPostprocessing = 0;
		};
		5ECC05261B40B9AB005A2EB4 /* Frameworks */ = {
			isa = PBXFrameworksBuildPhase;
			buildActionMask = 2147483647;
			files = (
			);
			runOnlyForDeploymentPostprocessing = 0;
		};
/* End PBXFrameworksBuildPhase section */

/* Begin PBXGroup section */
		5ECC05011B40B9AA005A2EB4 = {
			isa = PBXGroup;
			children = (
				5ECC050C1B40B9AB005A2EB4 /* calculator */,
				5ECC05211B40B9AB005A2EB4 /* calculatorTests */,
				5ECC052C1B40B9AB005A2EB4 /* calculatorUITests */,
				5ECC050B1B40B9AB005A2EB4 /* Products */,
			);
			sourceTree = "<group>";
		};
		5ECC050B1B40B9AB005A2EB4 /* Products */ = {
			isa = PBXGroup;
			children = (
				5ECC050A1B40B9AB005A2EB4 /* calculator.app */,
				5ECC051E1B40B9AB005A2EB4 /* calculatorTests.xctest */,
				5ECC05291B40B9AB005A2EB4 /* calculatorUITests.xctest */,
			);
			name = Products;
			sourceTree = "<group>";
		};
		5ECC050C1B40B9AB005A2EB4 /* calculator */ = {
			isa = PBXGroup;
			children = (
				5ECC050D1B40B9AB005A2EB4 /* AppDelegate.swift */,
				5ECC050F1B40B9AB005A2EB4 /* ViewController.swift */,
				5ECC05111B40B9AB005A2EB4 /* Main.storyboard */,
				5ECC05141B40B9AB005A2EB4 /* Assets.xcassets */,
				5ECC05161B40B9AB005A2EB4 /* LaunchScreen.storyboard */,
				5ECC05191B40B9AB005A2EB4 /* Info.plist */,
			);
			path = calculator;
			sourceTree = "<group>";
		};
		5ECC05211B40B9AB005A2EB4 /* calculatorTests */ = {
			isa = PBXGroup;
			children = (
				5ECC05221B40B9AB005A2EB4 /* calculatorTests.swift */,
				5ECC05241B40B9AB005A2EB4 /* Info.plist */,
			);
			path = calculatorTests;
			sourceTree = "<group>";
		};
		5ECC052C1B40B9AB005A2EB4 /* calculatorUITests */ = {
			isa = PBXGroup;
			children = (
				5ECC052D1B40B9AB005A2EB4 /* calculatorUITests.swift */,
				5ECC052F1B40B9AB005A2EB4 /* Info.plist */,
			);
			path = calculatorUITests;
			sourceTree = "<group>";
		};
/* End PBXGroup section */

/* Begin PBXNativeTarget section */
		5ECC05091B40B9AB005A2EB4 /* calculator */ = {
			isa = PBXNativeTarget;
			buildConfigurationList = 5ECC05321B40B9AB005A2EB4 /* Build configuration list for PBXNativeTarget "calculator" */;
			buildPhases = (
				5ECC05061B40B9AB005A2EB4 /* Sources */,
				5ECC05071B40B9AB005A2EB4 /* Frameworks */,
				5ECC05081B40B9AB005A2EB4 /* Resources */,
			);
			buildRules = (
			);
			dependencies = (
			);
			name = calculator;
			productName = calculator;
			productReference = 5ECC050A1B40B9AB005A2EB4 /* calculator.app */;
			productType = "com.apple.product-type.application";
		};
		5ECC051D1B40B9AB005A2EB4 /* calculatorTests */ = {
			isa = PBXNativeTarget;
			buildConfigurationList = 5ECC05351B40B9AB005A2EB4 /* Build configuration list for PBXNativeTarget "calculatorTests" */;
			buildPhases = (
				5ECC051A1B40B9AB005A2EB4 /* Sources */,
				5ECC051B1B40B9AB005A2EB4 /* Frameworks */,
				5ECC051C1B40B9AB005A2EB4 /* Resources */,
			);
			buildRules = (
			);
			dependencies = (
				5ECC05201B40B9AB005A2EB4 /* PBXTargetDependency */,
			);
			name = calculatorTests;
			productName = calculatorTests;
			productReference = 5ECC051E1B40B9AB005A2EB4 /* calculatorTests.xctest */;
			productType = "com.apple.product-type.bundle.unit-test";
		};
		5ECC05281B40B9AB005A2EB4 /* calculatorUITests */ = {
			isa = PBXNativeTarget;
			buildConfigurationList = 5ECC05381B40B9AB005A2EB4 /* Build configuration list for PBXNativeTarget "calculatorUITests" */;
			buildPhases = (
				5ECC05251B40B9AB005A2EB4 /* Sources */,
				5ECC05261B40B9AB005A2EB4 /* Frameworks */,
				5ECC05271B40B9AB005A2EB4 /* Resources */,
			);
			buildRules = (
			);
			dependencies = (
				5ECC052B1B40B9AB005A2EB4 /* PBXTargetDependency */,
			);
			name = calculatorUITests;
			productName = calculatorUITests;
			productReference = 5ECC05291B40B9AB005A2EB4 /* calculatorUITests.xctest */;
			productType = "com.apple.product-type.bundle.ui-testing";
		};
/* End PBXNativeTarget section */

/* Begin PBXProject section */
		5ECC05021B40B9AA005A2EB4 /* Project object */ = {
			isa = PBXProject;
			attributes = {
				LastUpgradeCheck = 0700;
				ORGANIZATIONNAME = "David Hsu";
				TargetAttributes = {
					5ECC05091B40B9AB005A2EB4 = {
						CreatedOnToolsVersion = 7.0;
					};
					5ECC051D1B40B9AB005A2EB4 = {
						CreatedOnToolsVersion = 7.0;
						TestTargetID = 5ECC05091B40B9AB005A2EB4;
					};
					5ECC05281B40B9AB005A2EB4 = {
						CreatedOnToolsVersion = 7.0;
						TestTargetID = 5ECC05091B40B9AB005A2EB4;
					};
				};
			};
			buildConfigurationList = 5ECC05051B40B9AA005A2EB4 /* Build configuration list for PBXProject "calculator" */;
			compatibilityVersion = "Xcode 3.2";
			developmentRegion = English;
			hasScannedForEncodings = 0;
			knownRegions = (
				en,
				Base,
			);
			mainGroup = 5ECC05011B40B9AA005A2EB4;
			productRefGroup = 5ECC050B1B40B9AB005A2EB4 /* Products */;
			projectDirPath = "";
			projectRoot = "";
			targets = (
				5ECC05091B40B9AB005A2EB4 /* calculator */,
				5ECC051D1B40B9AB005A2EB4 /* calculatorTests */,
				5ECC05281B40B9AB005A2EB4 /* calculatorUITests */,
			);
		};
/* End PBXProject section */

/* Begin PBXResourcesBuildPhase section */
		5ECC05081B40B9AB005A2EB4 /* Resources */ = {
			isa = PBXResourcesBuildPhase;
			buildActionMask = 2147483647;
			files = (
				5ECC05181B40B9AB005A2EB4 /* LaunchScreen.storyboard in Resources */,
				5ECC05151B40B9AB005A2EB4 /* Assets.xcassets in Resources */,
				5ECC05131B40B9AB005A2EB4 /* Main.storyboard in Resources */,
			);
			runOnlyForDeploymentPostprocessing = 0;
		};
		5ECC051C1B40B9AB005A2EB4 /* Resources */ = {
			isa = PBXResourcesBuildPhase;
			buildActionMask = 2147483647;
			files = (
			);
			runOnlyForDeploymentPostprocessing = 0;
		};
		5ECC05271B40B9AB005A2EB4 /* Resources */ = {
			isa = PBXResourcesBuildPhase;
			buildActionMask = 2147483647;
			files = (
			);
			runOnlyForDeploymentPostprocessing = 0;
		};
/* End PBXResourcesBuildPhase section */

/* Begin PBXSourcesBuildPhase section */
		5ECC05061B40B9AB005A2EB4 /* Sources */ = {
			isa = PBXSourcesBuildPhase;
			buildActionMask = 2147483647;
			files = (
				5ECC05101B40B9AB005A2EB4 /* ViewController.swift in Sources */,
				5ECC050E1B40B9AB005A2EB4 /* AppDelegate.swift in Sources */,
			);
			runOnlyForDeploymentPostprocessing = 0;
		};
		5ECC051A1B40B9AB005A2EB4 /* Sources */ = {
			isa = PBXSourcesBuildPhase;
			buildActionMask = 2147483647;
			files = (
				5ECC05231B40B9AB005A2EB4 /* calculatorTests.swift in Sources */,
			);
			runOnlyForDeploymentPostprocessing = 0;
		};
		5ECC05251B40B9AB005A2EB4 /* Sources */ = {
			isa = PBXSourcesBuildPhase;
			buildActionMask = 2147483647;
			files = (
				5ECC052E1B40B9AB005A2EB4 /* calculatorUITests.swift in Sources */,
			);
			runOnlyForDeploymentPostprocessing = 0;
		};
/* End PBXSourcesBuildPhase section */

/* Begin PBXTargetDependency section */
		5ECC05201B40B9AB005A2EB4 /* PBXTargetDependency */ = {
			isa = PBXTargetDependency;
			target = 5ECC05091B40B9AB005A2EB4 /* calculator */;
			targetProxy = 5ECC051F1B40B9AB005A2EB4 /* PBXContainerItemProxy */;
		};
		5ECC052B1B40B9AB005A2EB4 /* PBXTargetDependency */ = {
			isa = PBXTargetDependency;
			target = 5ECC05091B40B9AB005A2EB4 /* calculator */;
			targetProxy = 5ECC052A1B40B9AB005A2EB4 /* PBXContainerItemProxy */;
		};
/* End PBXTargetDependency section */

/* Begin PBXVariantGroup section */
		5ECC05111B40B9AB005A2EB4 /* Main.storyboard */ = {
			isa = PBXVariantGroup;
			children = (
				5ECC05121B40B9AB005A2EB4 /* Base */,
			);
			name = Main.storyboard;
			sourceTree = "<group>";
		};
		5ECC05161B40B9AB005A2EB4 /* LaunchScreen.storyboard */ = {
			isa = PBXVariantGroup;
			children = (
				5ECC05171B40B9AB005A2EB4 /* Base */,
			);
			name = LaunchScreen.storyboard;
			sourceTree = "<group>";
		};
/* End PBXVariantGroup section */

/* Begin XCBuildConfiguration section */
		5ECC05301B40B9AB005A2EB4 /* Debug */ = {
			isa = XCBuildConfiguration;
			buildSettings = {
				ALWAYS_SEARCH_USER_PATHS = NO;
				CLANG_CXX_LANGUAGE_STANDARD = "gnu++0x";
				CLANG_CXX_LIBRARY = "libc++";
				CLANG_ENABLE_MODULES = YES;
				CLANG_ENABLE_OBJC_ARC = YES;
				CLANG_WARN_BOOL_CONVERSION = YES;
				CLANG_WARN_CONSTANT_CONVERSION = YES;
				CLANG_WARN_DIRECT_OBJC_ISA_USAGE = YES_ERROR;
				CLANG_WARN_EMPTY_BODY = YES;
				CLANG_WARN_ENUM_CONVERSION = YES;
				CLANG_WARN_INT_CONVERSION = YES;
				CLANG_WARN_OBJC_ROOT_CLASS = YES_ERROR;
				CLANG_WARN_UNREACHABLE_CODE = YES;
				CLANG_WARN__DUPLICATE_METHOD_MATCH = YES;
				"CODE_SIGN_IDENTITY[sdk=iphoneos*]" = "iPhone Developer";
				COPY_PHASE_STRIP = NO;
				DEBUG_INFORMATION_FORMAT = dwarf;
				ENABLE_STRICT_OBJC_MSGSEND = YES;
				ENABLE_TESTABILITY = YES;
				GCC_C_LANGUAGE_STANDARD = gnu99;
				GCC_DYNAMIC_NO_PIC = NO;
				GCC_NO_COMMON_BLOCKS = YES;
				GCC_OPTIMIZATION_LEVEL = 0;
				GCC_PREPROCESSOR_DEFINITIONS = (
					"DEBUG=1",
					"$(inherited)",
				);
				GCC_WARN_64_TO_32_BIT_CONVERSION = YES;
				GCC_WARN_ABOUT_RETURN_TYPE = YES_ERROR;
				GCC_WARN_UNDECLARED_SELECTOR = YES;
				GCC_WARN_UNINITIALIZED_AUTOS = YES_AGGRESSIVE;
				GCC_WARN_UNUSED_FUNCTION = YES;
				GCC_WARN_UNUSED_VARIABLE = YES;
				IPHONEOS_DEPLOYMENT_TARGET = 9.0;
				MTL_ENABLE_DEBUG_INFO = YES;
				ONLY_ACTIVE_ARCH = YES;
				SDKROOT = iphoneos;
				SWIFT_OPTIMIZATION_LEVEL = "-Onone";
				TARGETED_DEVICE_FAMILY = "1,2";
			};
			name = Debug;
		};
		5ECC05311B40B9AB005A2EB4 /* Release */ = {
			isa = XCBuildConfiguration;
			buildSettings = {
				ALWAYS_SEARCH_USER_PATHS = NO;
				CLANG_CXX_LANGUAGE_STANDARD = "gnu++0x";
				CLANG_CXX_LIBRARY = "libc++";
				CLANG_ENABLE_MODULES = YES;
				CLANG_ENABLE_OBJC_ARC = YES;
				CLANG_WARN_BOOL_CONVERSION = YES;
				CLANG_WARN_CONSTANT_CONVERSION = YES;
				CLANG_WARN_DIRECT_OBJC_ISA_USAGE = YES_ERROR;
				CLANG_WARN_EMPTY_BODY = YES;
				CLANG_WARN_ENUM_CONVERSION = YES;
				CLANG_WARN_INT_CONVERSION = YES;
				CLANG_WARN_OBJC_ROOT_CLASS = YES_ERROR;
				CLANG_WARN_UNREACHABLE_CODE = YES;
				CLANG_WARN__DUPLICATE_METHOD_MATCH = YES;
				"CODE_SIGN_IDENTITY[sdk=iphoneos*]" = "iPhone Developer";
				COPY_PHASE_STRIP = NO;
				DEBUG_INFORMATION_FORMAT = "dwarf-with-dsym";
				ENABLE_NS_ASSERTIONS = NO;
				ENABLE_STRICT_OBJC_MSGSEND = YES;
				GCC_C_LANGUAGE_STANDARD = gnu99;
				GCC_NO_COMMON_BLOCKS = YES;
				GCC_WARN_64_TO_32_BIT_CONVERSION = YES;
				GCC_WARN_ABOUT_RETURN_TYPE = YES_ERROR;
				GCC_WARN_UNDECLARED_SELECTOR = YES;
				GCC_WARN_UNINITIALIZED_AUTOS = YES_AGGRESSIVE;
				GCC_WARN_UNUSED_FUNCTION = YES;
				GCC_WARN_UNUSED_VARIABLE = YES;
				IPHONEOS_DEPLOYMENT_TARGET = 9.0;
				MTL_ENABLE_DEBUG_INFO = NO;
				SDKROOT = iphoneos;
				TARGETED_DEVICE_FAMILY = "1,2";
				VALIDATE_PRODUCT = YES;
			};
			name = Release;
		};
		5ECC05331B40B9AB005A2EB4 /* Debug */ = {
			isa = XCBuildConfiguration;
			buildSettings = {
				ASSETCATALOG_COMPILER_APPICON_NAME = AppIcon;
				INFOPLIST_FILE = calculator/Info.plist;
				LD_RUNPATH_SEARCH_PATHS = "$(inherited) @executable_path/Frameworks";
				PRODUCT_BUNDLE_IDENTIFIER = com.aaviah.calculator;
				PRODUCT_NAME = "$(TARGET_NAME)";
			};
			name = Debug;
		};
		5ECC05341B40B9AB005A2EB4 /* Release */ = {
			isa = XCBuildConfiguration;
			buildSettings = {
				ASSETCATALOG_COMPILER_APPICON_NAME = AppIcon;
				INFOPLIST_FILE = calculator/Info.plist;
				LD_RUNPATH_SEARCH_PATHS = "$(inherited) @executable_path/Frameworks";
				PRODUCT_BUNDLE_IDENTIFIER = com.aaviah.calculator;
				PRODUCT_NAME = "$(TARGET_NAME)";
			};
			name = Release;
		};
		5ECC05361B40B9AB005A2EB4 /* Debug */ = {
			isa = XCBuildConfiguration;
			buildSettings = {
				BUNDLE_LOADER = "$(TEST_HOST)";
				INFOPLIST_FILE = calculatorTests/Info.plist;
				LD_RUNPATH_SEARCH_PATHS = "$(inherited) @executable_path/Frameworks @loader_path/Frameworks";
				PRODUCT_BUNDLE_IDENTIFIER = com.aaviah.calculatorTests;
				PRODUCT_NAME = "$(TARGET_NAME)";
				TEST_HOST = "$(BUILT_PRODUCTS_DIR)/calculator.app/calculator";
			};
			name = Debug;
		};
		5ECC05371B40B9AB005A2EB4 /* Release */ = {
			isa = XCBuildConfiguration;
			buildSettings = {
				BUNDLE_LOADER = "$(TEST_HOST)";
				INFOPLIST_FILE = calculatorTests/Info.plist;
				LD_RUNPATH_SEARCH_PATHS = "$(inherited) @executable_path/Frameworks @loader_path/Frameworks";
				PRODUCT_BUNDLE_IDENTIFIER = com.aaviah.calculatorTests;
				PRODUCT_NAME = "$(TARGET_NAME)";
				TEST_HOST = "$(BUILT_PRODUCTS_DIR)/calculator.app/calculator";
			};
			name = Release;
		};
		5ECC05391B40B9AB005A2EB4 /* Debug */ = {
			isa = XCBuildConfiguration;
			buildSettings = {
				INFOPLIST_FILE = calculatorUITests/Info.plist;
				LD_RUNPATH_SEARCH_PATHS = "$(inherited) @executable_path/Frameworks @loader_path/Frameworks";
				PRODUCT_BUNDLE_IDENTIFIER = com.aaviah.calculatorUITests;
				PRODUCT_NAME = "$(TARGET_NAME)";
				TEST_TARGET_NAME = calculator;
				USES_XCTRUNNER = YES;
			};
			name = Debug;
		};
		5ECC053A1B40B9AB005A2EB4 /* Release */ = {
			isa = XCBuildConfiguration;
			buildSettings = {
				INFOPLIST_FILE = calculatorUITests/Info.plist;
				LD_RUNPATH_SEARCH_PATHS = "$(inherited) @executable_path/Frameworks @loader_path/Frameworks";
				PRODUCT_BUNDLE_IDENTIFIER = com.aaviah.calculatorUITests;
				PRODUCT_NAME = "$(TARGET_NAME)";
				TEST_TARGET_NAME = calculator;
				USES_XCTRUNNER = YES;
			};
			name = Release;
		};
/* End XCBuildConfiguration section */

/* Begin XCConfigurationList section */
		5ECC05051B40B9AA005A2EB4 /* Build configuration list for PBXProject "calculator" */ = {
			isa = XCConfigurationList;
			buildConfigurations = (
				5ECC05301B40B9AB005A2EB4 /* Debug */,
				5ECC05311B40B9AB005A2EB4 /* Release */,
			);
			defaultConfigurationIsVisible = 0;
			defaultConfigurationName = Release;
		};
		5ECC05321B40B9AB005A2EB4 /* Build configuration list for PBXNativeTarget "calculator" */ = {
			isa = XCConfigurationList;
			buildConfigurations = (
				5ECC05331B40B9AB005A2EB4 /* Debug */,
				5ECC05341B40B9AB005A2EB4 /* Release */,
			);
			defaultConfigurationIsVisible = 0;
		};
		5ECC05351B40B9AB005A2EB4 /* Build configuration list for PBXNativeTarget "calculatorTests" */ = {
			isa = XCConfigurationList;
			buildConfigurations = (
				5ECC05361B40B9AB005A2EB4 /* Debug */,
				5ECC05371B40B9AB005A2EB4 /* Release */,
			);
			defaultConfigurationIsVisible = 0;
		};
		5ECC05381B40B9AB005A2EB4 /* Build configuration list for PBXNativeTarget "calculatorUITests" */ = {
			isa = XCConfigurationList;
			buildConfigurations = (
				5ECC05391B40B9AB005A2EB4 /* Debug */,
				5ECC053A1B40B9AB005A2EB4 /* Release */,
			);
			defaultConfigurationIsVisible = 0;
		};
/* End XCConfigurationList section */
	};
	rootObject = 5ECC05021B40B9AA005A2EB4 /* Project object */;
}
